{
    "_meta": {
        "hash": {
            "sha256": "59d6ad0cbcc81441bcae3f0f1bebce4d3cdea6b8ff2ce721af53dd3401ea66d6"
        },
        "pipfile-spec": 6,
        "requires": {
            "python_version": "3.7"
        },
        "sources": [
            {
                "name": "pypi",
                "url": "https://pypi.org/simple",
                "verify_ssl": true
            }
        ]
    },
    "default": {
        "configparser": {
            "hashes": [
                "sha256:2ca44140ee259b5e3d8aaf47c79c36a7ab0d5e94d70bd4105c03ede7a20ea5a1",
                "sha256:cffc044844040c7ce04e9acd1838b5f2e5fa3170182f6fda4d2ea8b0099dbadd"
            ],
            "index": "pypi",
            "version": "==5.0.0"
        },
        "python-bitcointx": {
            "hashes": [
                "sha256:ba6da29c93f392d36a0efc7a41558736c31aec91d8297ed474c88a10d61fc6e3"
            ],
            "index": "pypi",
            "version": "==1.1.0"
        }
    },
    "develop": {}
}
